// !$*UTF8*$!
{
	archiveVersion = 1;
	classes = {
	};
	objectVersion = 56;
	objects = {

/* Begin PBXBuildFile section */
		3EB44B4E296EF2300089D5A6 /* CardsNewApp.swift in Sources */ = {isa = PBXBuildFile; fileRef = 3EB44B4D296EF2300089D5A6 /* CardsNewApp.swift */; };
		3EB44B50296EF2300089D5A6 /* ContentView.swift in Sources */ = {isa = PBXBuildFile; fileRef = 3EB44B4F296EF2300089D5A6 /* ContentView.swift */; };
		3EB44B52296EF2310089D5A6 /* Assets.xcassets in Resources */ = {isa = PBXBuildFile; fileRef = 3EB44B51296EF2310089D5A6 /* Assets.xcassets */; };
		3EB44B55296EF2310089D5A6 /* Preview Assets.xcassets in Resources */ = {isa = PBXBuildFile; fileRef = 3EB44B54296EF2310089D5A6 /* Preview Assets.xcassets */; };
		3EB44B5F296EF2310089D5A6 /* CardsNewTests.swift in Sources */ = {isa = PBXBuildFile; fileRef = 3EB44B5E296EF2310089D5A6 /* CardsNewTests.swift */; };
		3EB44B69296EF2310089D5A6 /* CardsNewUITests.swift in Sources */ = {isa = PBXBuildFile; fileRef = 3EB44B68296EF2310089D5A6 /* CardsNewUITests.swift */; };
		3EB44B6B296EF2310089D5A6 /* CardsNewUITestsLaunchTests.swift in Sources */ = {isa = PBXBuildFile; fileRef = 3EB44B6A296EF2310089D5A6 /* CardsNewUITestsLaunchTests.swift */; };
/* End PBXBuildFile section */

/* Begin PBXContainerItemProxy section */
		3EB44B5B296EF2310089D5A6 /* PBXContainerItemProxy */ = {
			isa = PBXContainerItemProxy;
			containerPortal = 3EB44B42296EF2300089D5A6 /* Project object */;
			proxyType = 1;
			remoteGlobalIDString = 3EB44B49296EF2300089D5A6;
			remoteInfo = CardsNew;
		};
		3EB44B65296EF2310089D5A6 /* PBXContainerItemProxy */ = {
			isa = PBXContainerItemProxy;
			containerPortal = 3EB44B42296EF2300089D5A6 /* Project object */;
			proxyType = 1;
			remoteGlobalIDString = 3EB44B49296EF2300089D5A6;
			remoteInfo = CardsNew;
		};
/* End PBXContainerItemProxy section */

/* Begin PBXFileReference section */
		3EB44B4A296EF2300089D5A6 /* CardsNew.app */ = {isa = PBXFileReference; explicitFileType = wrapper.application; includeInIndex = 0; path = CardsNew.app; sourceTree = BUILT_PRODUCTS_DIR; };
		3EB44B4D296EF2300089D5A6 /* CardsNewApp.swift */ = {isa = PBXFileReference; lastKnownFileType = sourcecode.swift; path = CardsNewApp.swift; sourceTree = "<group>"; };
		3EB44B4F296EF2300089D5A6 /* ContentView.swift */ = {isa = PBXFileReference; lastKnownFileType = sourcecode.swift; path = ContentView.swift; sourceTree = "<group>"; };
		3EB44B51296EF2310089D5A6 /* Assets.xcassets */ = {isa = PBXFileReference; lastKnownFileType = folder.assetcatalog; path = Assets.xcassets; sourceTree = "<group>"; };
		3EB44B54296EF2310089D5A6 /* Preview Assets.xcassets */ = {isa = PBXFileReference; lastKnownFileType = folder.assetcatalog; path = "Preview Assets.xcassets"; sourceTree = "<group>"; };
		3EB44B5A296EF2310089D5A6 /* CardsNewTests.xctest */ = {isa = PBXFileReference; explicitFileType = wrapper.cfbundle; includeInIndex = 0; path = CardsNewTests.xctest; sourceTree = BUILT_PRODUCTS_DIR; };
		3EB44B5E296EF2310089D5A6 /* CardsNewTests.swift */ = {isa = PBXFileReference; lastKnownFileType = sourcecode.swift; path = CardsNewTests.swift; sourceTree = "<group>"; };
		3EB44B64296EF2310089D5A6 /* CardsNewUITests.xctest */ = {isa = PBXFileReference; explicitFileType = wrapper.cfbundle; includeInIndex = 0; path = CardsNewUITests.xctest; sourceTree = BUILT_PRODUCTS_DIR; };
		3EB44B68296EF2310089D5A6 /* CardsNewUITests.swift */ = {isa = PBXFileReference; lastKnownFileType = sourcecode.swift; path = CardsNewUITests.swift; sourceTree = "<group>"; };
		3EB44B6A296EF2310089D5A6 /* CardsNewUITestsLaunchTests.swift */ = {isa = PBXFileReference; lastKnownFileType = sourcecode.swift; path = CardsNewUITestsLaunchTests.swift; sourceTree = "<group>"; };
/* End PBXFileReference section */

/* Begin PBXFrameworksBuildPhase section */
		3EB44B47296EF2300089D5A6 /* Frameworks */ = {
			isa = PBXFrameworksBuildPhase;
			buildActionMask = 2147483647;
			files = (
			);
			runOnlyForDeploymentPostprocessing = 0;
		};
		3EB44B57296EF2310089D5A6 /* Frameworks */ = {
			isa = PBXFrameworksBuildPhase;
			buildActionMask = 2147483647;
			files = (
			);
			runOnlyForDeploymentPostprocessing = 0;
		};
		3EB44B61296EF2310089D5A6 /* Frameworks */ = {
			isa = PBXFrameworksBuildPhase;
			buildActionMask = 2147483647;
			files = (
			);
			runOnlyForDeploymentPostprocessing = 0;
		};
/* End PBXFrameworksBuildPhase section */

/* Begin PBXGroup section */
		3EB44B41296EF2300089D5A6 = {
			isa = PBXGroup;
			children = (
				3EB44B4C296EF2300089D5A6 /* CardsNew */,
				3EB44B5D296EF2310089D5A6 /* CardsNewTests */,
				3EB44B67296EF2310089D5A6 /* CardsNewUITests */,
				3EB44B4B296EF2300089D5A6 /* Products */,
			);
			sourceTree = "<group>";
		};
		3EB44B4B296EF2300089D5A6 /* Products */ = {
			isa = PBXGroup;
			children = (
				3EB44B4A296EF2300089D5A6 /* CardsNew.app */,
				3EB44B5A296EF2310089D5A6 /* CardsNewTests.xctest */,
				3EB44B64296EF2310089D5A6 /* CardsNewUITests.xctest */,
			);
			name = Products;
			sourceTree = "<group>";
		};
		3EB44B4C296EF2300089D5A6 /* CardsNew */ = {
			isa = PBXGroup;
			children = (
				3EB44B4D296EF2300089D5A6 /* CardsNewApp.swift */,
				3EB44B4F296EF2300089D5A6 /* ContentView.swift */,
				3EB44B51296EF2310089D5A6 /* Assets.xcassets */,
				3EB44B53296EF2310089D5A6 /* Preview Content */,
			);
			path = CardsNew;
			sourceTree = "<group>";
		};
		3EB44B53296EF2310089D5A6 /* Preview Content */ = {
			isa = PBXGroup;
			children = (
				3EB44B54296EF2310089D5A6 /* Preview Assets.xcassets */,
			);
			path = "Preview Content";
			sourceTree = "<group>";
		};
		3EB44B5D296EF2310089D5A6 /* CardsNewTests */ = {
			isa = PBXGroup;
			children = (
				3EB44B5E296EF2310089D5A6 /* CardsNewTests.swift */,
			);
			path = CardsNewTests;
			sourceTree = "<group>";
		};
		3EB44B67296EF2310089D5A6 /* CardsNewUITests */ = {
			isa = PBXGroup;
			children = (
				3EB44B68296EF2310089D5A6 /* CardsNewUITests.swift */,
				3EB44B6A296EF2310089D5A6 /* CardsNewUITestsLaunchTests.swift */,
			);
			path = CardsNewUITests;
			sourceTree = "<group>";
		};
/* End PBXGroup section */

/* Begin PBXNativeTarget section */
		3EB44B49296EF2300089D5A6 /* CardsNew */ = {
			isa = PBXNativeTarget;
			buildConfigurationList = 3EB44B6E296EF2310089D5A6 /* Build configuration list for PBXNativeTarget "CardsNew" */;
			buildPhases = (
				3EB44B46296EF2300089D5A6 /* Sources */,
				3EB44B47296EF2300089D5A6 /* Frameworks */,
				3EB44B48296EF2300089D5A6 /* Resources */,
			);
			buildRules = (
			);
			dependencies = (
			);
			name = CardsNew;
			productName = CardsNew;
			productReference = 3EB44B4A296EF2300089D5A6 /* CardsNew.app */;
			productType = "com.apple.product-type.application";
		};
		3EB44B59296EF2310089D5A6 /* CardsNewTests */ = {
			isa = PBXNativeTarget;
			buildConfigurationList = 3EB44B71296EF2310089D5A6 /* Build configuration list for PBXNativeTarget "CardsNewTests" */;
			buildPhases = (
				3EB44B56296EF2310089D5A6 /* Sources */,
				3EB44B57296EF2310089D5A6 /* Frameworks */,
				3EB44B58296EF2310089D5A6 /* Resources */,
			);
			buildRules = (
			);
			dependencies = (
				3EB44B5C296EF2310089D5A6 /* PBXTargetDependency */,
			);
			name = CardsNewTests;
			productName = CardsNewTests;
			productReference = 3EB44B5A296EF2310089D5A6 /* CardsNewTests.xctest */;
			productType = "com.apple.product-type.bundle.unit-test";
		};
		3EB44B63296EF2310089D5A6 /* CardsNewUITests */ = {
			isa = PBXNativeTarget;
			buildConfigurationList = 3EB44B74296EF2310089D5A6 /* Build configuration list for PBXNativeTarget "CardsNewUITests" */;
			buildPhases = (
				3EB44B60296EF2310089D5A6 /* Sources */,
				3EB44B61296EF2310089D5A6 /* Frameworks */,
				3EB44B62296EF2310089D5A6 /* Resources */,
			);
			buildRules = (
			);
			dependencies = (
				3EB44B66296EF2310089D5A6 /* PBXTargetDependency */,
			);
			name = CardsNewUITests;
			productName = CardsNewUITests;
			productReference = 3EB44B64296EF2310089D5A6 /* CardsNewUITests.xctest */;
			productType = "com.apple.product-type.bundle.ui-testing";
		};
/* End PBXNativeTarget section */

/* Begin PBXProject section */
		3EB44B42296EF2300089D5A6 /* Project object */ = {
			isa = PBXProject;
			attributes = {
				BuildIndependentTargetsInParallel = 1;
				LastSwiftUpdateCheck = 1420;
				LastUpgradeCheck = 1420;
				TargetAttributes = {
					3EB44B49296EF2300089D5A6 = {
						CreatedOnToolsVersion = 14.2;
					};
					3EB44B59296EF2310089D5A6 = {
						CreatedOnToolsVersion = 14.2;
						TestTargetID = 3EB44B49296EF2300089D5A6;
					};
					3EB44B63296EF2310089D5A6 = {
						CreatedOnToolsVersion = 14.2;
						TestTargetID = 3EB44B49296EF2300089D5A6;
					};
				};
			};
			buildConfigurationList = 3EB44B45296EF2300089D5A6 /* Build configuration list for PBXProject "CardsNew" */;
			compatibilityVersion = "Xcode 14.0";
			developmentRegion = en;
			hasScannedForEncodings = 0;
			knownRegions = (
				en,
				Base,
			);
			mainGroup = 3EB44B41296EF2300089D5A6;
			productRefGroup = 3EB44B4B296EF2300089D5A6 /* Products */;
			projectDirPath = "";
			projectRoot = "";
			targets = (
				3EB44B49296EF2300089D5A6 /* CardsNew */,
				3EB44B59296EF2310089D5A6 /* CardsNewTests */,
				3EB44B63296EF2310089D5A6 /* CardsNewUITests */,
			);
		};
/* End PBXProject section */

/* Begin PBXResourcesBuildPhase section */
		3EB44B48296EF2300089D5A6 /* Resources */ = {
			isa = PBXResourcesBuildPhase;
			buildActionMask = 2147483647;
			files = (
				3EB44B55296EF2310089D5A6 /* Preview Assets.xcassets in Resources */,
				3EB44B52296EF2310089D5A6 /* Assets.xcassets in Resources */,
			);
			runOnlyForDeploymentPostprocessing = 0;
		};
		3EB44B58296EF2310089D5A6 /* Resources */ = {
			isa = PBXResourcesBuildPhase;
			buildActionMask = 2147483647;
			files = (
			);
			runOnlyForDeploymentPostprocessing = 0;
		};
		3EB44B62296EF2310089D5A6 /* Resources */ = {
			isa = PBXResourcesBuildPhase;
			buildActionMask = 2147483647;
			files = (
			);
			runOnlyForDeploymentPostprocessing = 0;
		};
/* End PBXResourcesBuildPhase section */

/* Begin PBXSourcesBuildPhase section */
		3EB44B46296EF2300089D5A6 /* Sources */ = {
			isa = PBXSourcesBuildPhase;
			buildActionMask = 2147483647;
			files = (
				3EB44B50296EF2300089D5A6 /* ContentView.swift in Sources */,
				3EB44B4E296EF2300089D5A6 /* CardsNewApp.swift in Sources */,
			);
			runOnlyForDeploymentPostprocessing = 0;
		};
		3EB44B56296EF2310089D5A6 /* Sources */ = {
			isa = PBXSourcesBuildPhase;
			buildActionMask = 2147483647;
			files = (
				3EB44B5F296EF2310089D5A6 /* CardsNewTests.swift in Sources */,
			);
			runOnlyForDeploymentPostprocessing = 0;
		};
		3EB44B60296EF2310089D5A6 /* Sources */ = {
			isa = PBXSourcesBuildPhase;
			buildActionMask = 2147483647;
			files = (
				3EB44B6B296EF2310089D5A6 /* CardsNewUITestsLaunchTests.swift in Sources */,
				3EB44B69296EF2310089D5A6 /* CardsNewUITests.swift in Sources */,
			);
			runOnlyForDeploymentPostprocessing = 0;
		};
/* End PBXSourcesBuildPhase section */

/* Begin PBXTargetDependency section */
		3EB44B5C296EF2310089D5A6 /* PBXTargetDependency */ = {
			isa = PBXTargetDependency;
			target = 3EB44B49296EF2300089D5A6 /* CardsNew */;
			targetProxy = 3EB44B5B296EF2310089D5A6 /* PBXContainerItemProxy */;
		};
		3EB44B66296EF2310089D5A6 /* PBXTargetDependency */ = {
			isa = PBXTargetDependency;
			target = 3EB44B49296EF2300089D5A6 /* CardsNew */;
			targetProxy = 3EB44B65296EF2310089D5A6 /* PBXContainerItemProxy */;
		};
/* End PBXTargetDependency section */

/* Begin XCBuildConfiguration section */
		3EB44B6C296EF2310089D5A6 /* Debug */ = {
			isa = XCBuildConfiguration;
			buildSettings = {
				ALWAYS_SEARCH_USER_PATHS = NO;
				CLANG_ANALYZER_NONNULL = YES;
				CLANG_ANALYZER_NUMBER_OBJECT_CONVERSION = YES_AGGRESSIVE;
				CLANG_CXX_LANGUAGE_STANDARD = "gnu++20";
				CLANG_ENABLE_MODULES = YES;
				CLANG_ENABLE_OBJC_ARC = YES;
				CLANG_ENABLE_OBJC_WEAK = YES;
				CLANG_WARN_BLOCK_CAPTURE_AUTORELEASING = YES;
				CLANG_WARN_BOOL_CONVERSION = YES;
				CLANG_WARN_COMMA = YES;
				CLANG_WARN_CONSTANT_CONVERSION = YES;
				CLANG_WARN_DEPRECATED_OBJC_IMPLEMENTATIONS = YES;
				CLANG_WARN_DIRECT_OBJC_ISA_USAGE = YES_ERROR;
				CLANG_WARN_DOCUMENTATION_COMMENTS = YES;
				CLANG_WARN_EMPTY_BODY = YES;
				CLANG_WARN_ENUM_CONVERSION = YES;
				CLANG_WARN_INFINITE_RECURSION = YES;
				CLANG_WARN_INT_CONVERSION = YES;
				CLANG_WARN_NON_LITERAL_NULL_CONVERSION = YES;
				CLANG_WARN_OBJC_IMPLICIT_RETAIN_SELF = YES;
				CLANG_WARN_OBJC_LITERAL_CONVERSION = YES;
				CLANG_WARN_OBJC_ROOT_CLASS = YES_ERROR;
				CLANG_WARN_QUOTED_INCLUDE_IN_FRAMEWORK_HEADER = YES;
				CLANG_WARN_RANGE_LOOP_ANALYSIS = YES;
				CLANG_WARN_STRICT_PROTOTYPES = YES;
				CLANG_WARN_SUSPICIOUS_MOVE = YES;
				CLANG_WARN_UNGUARDED_AVAILABILITY = YES_AGGRESSIVE;
				CLANG_WARN_UNREACHABLE_CODE = YES;
				CLANG_WARN__DUPLICATE_METHOD_MATCH = YES;
				COPY_PHASE_STRIP = NO;
				DEBUG_INFORMATION_FORMAT = dwarf;
				ENABLE_STRICT_OBJC_MSGSEND = YES;
				ENABLE_TESTABILITY = YES;
				GCC_C_LANGUAGE_STANDARD = gnu11;
				GCC_DYNAMIC_NO_PIC = NO;
				GCC_NO_COMMON_BLOCKS = YES;
				GCC_OPTIMIZATION_LEVEL = 0;
				GCC_PREPROCESSOR_DEFINITIONS = (
					"DEBUG=1",
					"$(inherited)",
				);
				GCC_WARN_64_TO_32_BIT_CONVERSION = YES;
				GCC_WARN_ABOUT_RETURN_TYPE = YES_ERROR;
				GCC_WARN_UNDECLARED_SELECTOR = YES;
				GCC_WARN_UNINITIALIZED_AUTOS = YES_AGGRESSIVE;
				GCC_WARN_UNUSED_FUNCTION = YES;
				GCC_WARN_UNUSED_VARIABLE = YES;
				IPHONEOS_DEPLOYMENT_TARGET = 16.2;
				MTL_ENABLE_DEBUG_INFO = INCLUDE_SOURCE;
				MTL_FAST_MATH = YES;
				ONLY_ACTIVE_ARCH = YES;
				SDKROOT = iphoneos;
				SWIFT_ACTIVE_COMPILATION_CONDITIONS = DEBUG;
				SWIFT_OPTIMIZATION_LEVEL = "-Onone";
			};
			name = Debug;
		};
		3EB44B6D296EF2310089D5A6 /* Release */ = {
			isa = XCBuildConfiguration;
			buildSettings = {
				ALWAYS_SEARCH_USER_PATHS = NO;
				CLANG_ANALYZER_NONNULL = YES;
				CLANG_ANALYZER_NUMBER_OBJECT_CONVERSION = YES_AGGRESSIVE;
				CLANG_CXX_LANGUAGE_STANDARD = "gnu++20";
				CLANG_ENABLE_MODULES = YES;
				CLANG_ENABLE_OBJC_ARC = YES;
				CLANG_ENABLE_OBJC_WEAK = YES;
				CLANG_WARN_BLOCK_CAPTURE_AUTORELEASING = YES;
				CLANG_WARN_BOOL_CONVERSION = YES;
				CLANG_WARN_COMMA = YES;
				CLANG_WARN_CONSTANT_CONVERSION = YES;
				CLANG_WARN_DEPRECATED_OBJC_IMPLEMENTATIONS = YES;
				CLANG_WARN_DIRECT_OBJC_ISA_USAGE = YES_ERROR;
				CLANG_WARN_DOCUMENTATION_COMMENTS = YES;
				CLANG_WARN_EMPTY_BODY = YES;
				CLANG_WARN_ENUM_CONVERSION = YES;
				CLANG_WARN_INFINITE_RECURSION = YES;
				CLANG_WARN_INT_CONVERSION = YES;
				CLANG_WARN_NON_LITERAL_NULL_CONVERSION = YES;
				CLANG_WARN_OBJC_IMPLICIT_RETAIN_SELF = YES;
				CLANG_WARN_OBJC_LITERAL_CONVERSION = YES;
				CLANG_WARN_OBJC_ROOT_CLASS = YES_ERROR;
				CLANG_WARN_QUOTED_INCLUDE_IN_FRAMEWORK_HEADER = YES;
				CLANG_WARN_RANGE_LOOP_ANALYSIS = YES;
				CLANG_WARN_STRICT_PROTOTYPES = YES;
				CLANG_WARN_SUSPICIOUS_MOVE = YES;
				CLANG_WARN_UNGUARDED_AVAILABILITY = YES_AGGRESSIVE;
				CLANG_WARN_UNREACHABLE_CODE = YES;
				CLANG_WARN__DUPLICATE_METHOD_MATCH = YES;
				COPY_PHASE_STRIP = NO;
				DEBUG_INFORMATION_FORMAT = "dwarf-with-dsym";
				ENABLE_NS_ASSERTIONS = NO;
				ENABLE_STRICT_OBJC_MSGSEND = YES;
				GCC_C_LANGUAGE_STANDARD = gnu11;
				GCC_NO_COMMON_BLOCKS = YES;
				GCC_WARN_64_TO_32_BIT_CONVERSION = YES;
				GCC_WARN_ABOUT_RETURN_TYPE = YES_ERROR;
				GCC_WARN_UNDECLARED_SELECTOR = YES;
				GCC_WARN_UNINITIALIZED_AUTOS = YES_AGGRESSIVE;
				GCC_WARN_UNUSED_FUNCTION = YES;
				GCC_WARN_UNUSED_VARIABLE = YES;
				IPHONEOS_DEPLOYMENT_TARGET = 16.2;
				MTL_ENABLE_DEBUG_INFO = NO;
				MTL_FAST_MATH = YES;
				SDKROOT = iphoneos;
				SWIFT_COMPILATION_MODE = wholemodule;
				SWIFT_OPTIMIZATION_LEVEL = "-O";
				VALIDATE_PRODUCT = YES;
			};
			name = Release;
		};
		3EB44B6F296EF2310089D5A6 /* Debug */ = {
			isa = XCBuildConfiguration;
			buildSettings = {
				ASSETCATALOG_COMPILER_APPICON_NAME = AppIcon;
				ASSETCATALOG_COMPILER_GLOBAL_ACCENT_COLOR_NAME = AccentColor;
				CODE_SIGN_STYLE = Automatic;
				CURRENT_PROJECT_VERSION = 1;
				DEVELOPMENT_ASSET_PATHS = "\"CardsNew/Preview Content\"";
				DEVELOPMENT_TEAM = 6PUX78XRXV;
				ENABLE_PREVIEWS = YES;
				GENERATE_INFOPLIST_FILE = YES;
				INFOPLIST_KEY_UIApplicationSceneManifest_Generation = YES;
				INFOPLIST_KEY_UIApplicationSupportsIndirectInputEvents = YES;
				INFOPLIST_KEY_UILaunchScreen_Generation = YES;
				INFOPLIST_KEY_UISupportedInterfaceOrientations_iPad = "UIInterfaceOrientationPortrait UIInterfaceOrientationPortraitUpsideDown UIInterfaceOrientationLandscapeLeft UIInterfaceOrientationLandscapeRight";
				INFOPLIST_KEY_UISupportedInterfaceOrientations_iPhone = "UIInterfaceOrientationPortrait UIInterfaceOrientationLandscapeLeft UIInterfaceOrientationLandscapeRight";
				LD_RUNPATH_SEARCH_PATHS = (
					"$(inherited)",
					"@executable_path/Frameworks",
				);
				MARKETING_VERSION = 1.0;
				PRODUCT_BUNDLE_IDENTIFIER = Lina.CardsNew;
				PRODUCT_NAME = "$(TARGET_NAME)";
				SWIFT_EMIT_LOC_STRINGS = YES;
				SWIFT_VERSION = 5.0;
				TARGETED_DEVICE_FAMILY = "1,2";
			};
			name = Debug;
		};
		3EB44B70296EF2310089D5A6 /* Release */ = {
			isa = XCBuildConfiguration;
			buildSettings = {
				ASSETCATALOG_COMPILER_APPICON_NAME = AppIcon;
				ASSETCATALOG_COMPILER_GLOBAL_ACCENT_COLOR_NAME = AccentColor;
				CODE_SIGN_STYLE = Automatic;
				CURRENT_PROJECT_VERSION = 1;
				DEVELOPMENT_ASSET_PATHS = "\"CardsNew/Preview Content\"";
				DEVELOPMENT_TEAM = 6PUX78XRXV;
				ENABLE_PREVIEWS = YES;
				GENERATE_INFOPLIST_FILE = YES;
				INFOPLIST_KEY_UIApplicationSceneManifest_Generation = YES;
				INFOPLIST_KEY_UIApplicationSupportsIndirectInputEvents = YES;
				INFOPLIST_KEY_UILaunchScreen_Generation = YES;
				INFOPLIST_KEY_UISupportedInterfaceOrientations_iPad = "UIInterfaceOrientationPortrait UIInterfaceOrientationPortraitUpsideDown UIInterfaceOrientationLandscapeLeft UIInterfaceOrientationLandscapeRight";
				INFOPLIST_KEY_UISupportedInterfaceOrientations_iPhone = "UIInterfaceOrientationPortrait UIInterfaceOrientationLandscapeLeft UIInterfaceOrientationLandscapeRight";
				LD_RUNPATH_SEARCH_PATHS = (
					"$(inherited)",
					"@executable_path/Frameworks",
				);
				MARKETING_VERSION = 1.0;
				PRODUCT_BUNDLE_IDENTIFIER = Lina.CardsNew;
				PRODUCT_NAME = "$(TARGET_NAME)";
				SWIFT_EMIT_LOC_STRINGS = YES;
				SWIFT_VERSION = 5.0;
				TARGETED_DEVICE_FAMILY = "1,2";
			};
			name = Release;
		};
		3EB44B72296EF2310089D5A6 /* Debug */ = {
			isa = XCBuildConfiguration;
			buildSettings = {
				ALWAYS_EMBED_SWIFT_STANDARD_LIBRARIES = YES;
				BUNDLE_LOADER = "$(TEST_HOST)";
				CODE_SIGN_STYLE = Automatic;
				CURRENT_PROJECT_VERSION = 1;
				DEVELOPMENT_TEAM = 6PUX78XRXV;
				GENERATE_INFOPLIST_FILE = YES;
				IPHONEOS_DEPLOYMENT_TARGET = 16.2;
				MARKETING_VERSION = 1.0;
				PRODUCT_BUNDLE_IDENTIFIER = Lina.CardsNewTests;
				PRODUCT_NAME = "$(TARGET_NAME)";
				SWIFT_EMIT_LOC_STRINGS = NO;
				SWIFT_VERSION = 5.0;
				TARGETED_DEVICE_FAMILY = "1,2";
				TEST_HOST = "$(BUILT_PRODUCTS_DIR)/CardsNew.app/$(BUNDLE_EXECUTABLE_FOLDER_PATH)/CardsNew";
			};
			name = Debug;
		};
		3EB44B73296EF2310089D5A6 /* Release */ = {
			isa = XCBuildConfiguration;
			buildSettings = {
				ALWAYS_EMBED_SWIFT_STANDARD_LIBRARIES = YES;
				BUNDLE_LOADER = "$(TEST_HOST)";
				CODE_SIGN_STYLE = Automatic;
				CURRENT_PROJECT_VERSION = 1;
				DEVELOPMENT_TEAM = 6PUX78XRXV;
				GENERATE_INFOPLIST_FILE = YES;
				IPHONEOS_DEPLOYMENT_TARGET = 16.2;
				MARKETING_VERSION = 1.0;
				PRODUCT_BUNDLE_IDENTIFIER = Lina.CardsNewTests;
				PRODUCT_NAME = "$(TARGET_NAME)";
				SWIFT_EMIT_LOC_STRINGS = NO;
				SWIFT_VERSION = 5.0;
				TARGETED_DEVICE_FAMILY = "1,2";
				TEST_HOST = "$(BUILT_PRODUCTS_DIR)/CardsNew.app/$(BUNDLE_EXECUTABLE_FOLDER_PATH)/CardsNew";
			};
			name = Release;
		};
		3EB44B75296EF2310089D5A6 /* Debug */ = {
			isa = XCBuildConfiguration;
			buildSettings = {
				ALWAYS_EMBED_SWIFT_STANDARD_LIBRARIES = YES;
				CODE_SIGN_STYLE = Automatic;
				CURRENT_PROJECT_VERSION = 1;
				DEVELOPMENT_TEAM = 6PUX78XRXV;
				GENERATE_INFOPLIST_FILE = YES;
				MARKETING_VERSION = 1.0;
				PRODUCT_BUNDLE_IDENTIFIER = Lina.CardsNewUITests;
				PRODUCT_NAME = "$(TARGET_NAME)";
				SWIFT_EMIT_LOC_STRINGS = NO;
				SWIFT_VERSION = 5.0;
				TARGETED_DEVICE_FAMILY = "1,2";
				TEST_TARGET_NAME = CardsNew;
			};
			name = Debug;
		};
		3EB44B76296EF2310089D5A6 /* Release */ = {
			isa = XCBuildConfiguration;
			buildSettings = {
				ALWAYS_EMBED_SWIFT_STANDARD_LIBRARIES = YES;
				CODE_SIGN_STYLE = Automatic;
				CURRENT_PROJECT_VERSION = 1;
				DEVELOPMENT_TEAM = 6PUX78XRXV;
				GENERATE_INFOPLIST_FILE = YES;
				MARKETING_VERSION = 1.0;
				PRODUCT_BUNDLE_IDENTIFIER = Lina.CardsNewUITests;
				PRODUCT_NAME = "$(TARGET_NAME)";
				SWIFT_EMIT_LOC_STRINGS = NO;
				SWIFT_VERSION = 5.0;
				TARGETED_DEVICE_FAMILY = "1,2";
				TEST_TARGET_NAME = CardsNew;
			};
			name = Release;
		};
/* End XCBuildConfiguration section */

/* Begin XCConfigurationList section */
		3EB44B45296EF2300089D5A6 /* Build configuration list for PBXProject "CardsNew" */ = {
			isa = XCConfigurationList;
			buildConfigurations = (
				3EB44B6C296EF2310089D5A6 /* Debug */,
				3EB44B6D296EF2310089D5A6 /* Release */,
			);
			defaultConfigurationIsVisible = 0;
			defaultConfigurationName = Release;
		};
		3EB44B6E296EF2310089D5A6 /* Build configuration list for PBXNativeTarget "CardsNew" */ = {
			isa = XCConfigurationList;
			buildConfigurations = (
				3EB44B6F296EF2310089D5A6 /* Debug */,
				3EB44B70296EF2310089D5A6 /* Release */,
			);
			defaultConfigurationIsVisible = 0;
			defaultConfigurationName = Release;
		};
		3EB44B71296EF2310089D5A6 /* Build configuration list for PBXNativeTarget "CardsNewTests" */ = {
			isa = XCConfigurationList;
			buildConfigurations = (
				3EB44B72296EF2310089D5A6 /* Debug */,
				3EB44B73296EF2310089D5A6 /* Release */,
			);
			defaultConfigurationIsVisible = 0;
			defaultConfigurationName = Release;
		};
		3EB44B74296EF2310089D5A6 /* Build configuration list for PBXNativeTarget "CardsNewUITests" */ = {
			isa = XCConfigurationList;
			buildConfigurations = (
				3EB44B75296EF2310089D5A6 /* Debug */,
				3EB44B76296EF2310089D5A6 /* Release */,
			);
			defaultConfigurationIsVisible = 0;
			defaultConfigurationName = Release;
		};
/* End XCConfigurationList section */
	};
	rootObject = 3EB44B42296EF2300089D5A6 /* Project object */;
}
